Microsoft Visual Studio Solution File, Format Version 11.00
# Visual Studio 2010
Project("{c2c253b8-c68e-475c-9471-f5a55ac49cd1}") = "cryptest", "cryptest.vcxproj", "{09cdac08-e6ae-48a9-8de7-0fbc779eebde}"
	ProjectSection(ProjectDependencies) = postProject
		{c39f4b46-6e89-4074-902e-ca57073044d2} = {c39f4b46-6e89-4074-902e-ca57073044d2}
	EndProjectSection
EndProject
Project("{c2c253b8-c68e-475c-9471-f5a55ac49cd1}") = "cryptlib", "cryptlib.vcxproj", "{c39f4b46-6e89-4074-902e-ca57073044d2}"
EndProject
Project("{c2c253b8-c68e-475c-9471-f5a55ac49cd1}") = "dlltest", "dlltest.vcxproj", "{1974a53a-9863-41c9-886d-b2b8c2fc3c8b}"
	ProjectSection(ProjectDependencies) = postProject
		{09cdac08-e6ae-48a9-8de7-0fbc779eebde} = {09cdac08-e6ae-48a9-8de7-0fbc779eebde}
		{94a428a1-9ba8-4db2-b76e-bd2e3c08f257} = {94a428a1-9ba8-4db2-b76e-bd2e3c08f257}
		{c39f4b46-6e89-4074-902e-ca57073044d2} = {c39f4b46-6e89-4074-902e-ca57073044d2}
	EndProjectSection
EndProject
Project("{c2c253b8-c68e-475c-9471-f5a55ac49cd1}") = "cryptdll", "cryptdll.vcxproj", "{94a428a1-9ba8-4db2-b76e-bd2e3c08f257}"
	ProjectSection(ProjectDependencies) = postProject
		{09cdac08-e6ae-48a9-8de7-0fbc779eebde} = {09cdac08-e6ae-48a9-8de7-0fbc779eebde}
		{c39f4b46-6e89-4074-902e-ca57073044d2} = {c39f4b46-6e89-4074-902e-ca57073044d2}
	EndProjectSection
EndProject
Global
	GlobalSection(SolutionConfigurationPlatforms) = preSolution
		Debug|Win32 = Debug|Win32
		Debug|x64 = Debug|x64
		DLL-Import Debug|Win32 = DLL-Import Debug|Win32
		DLL-Import Debug|x64 = DLL-Import Debug|x64
		DLL-Import Release|Win32 = DLL-Import Release|Win32
		DLL-Import Release|x64 = DLL-Import Release|x64
		Release|Win32 = Release|Win32
		Release|x64 = Release|x64
	EndGlobalSection
	GlobalSection(ProjectConfigurationPlatforms) = postSolution
		{09cdac08-e6ae-48a9-8de7-0fbc779eebde}.Debug|Win32.ActiveCfg = Debug|Win32
		{09cdac08-e6ae-48a9-8de7-0fbc779eebde}.Debug|Win32.Build.0 = Debug|Win32
		{09cdac08-e6ae-48a9-8de7-0fbc779eebde}.Debug|x64.ActiveCfg = Debug|x64
		{09cdac08-e6ae-48a9-8de7-0fbc779eebde}.Debug|x64.Build.0 = Debug|x64
		{09cdac08-e6ae-48a9-8de7-0fbc779eebde}.DLL-Import Debug|Win32.ActiveCfg = DLL-Import Debug|Win32
		{09cdac08-e6ae-48a9-8de7-0fbc779eebde}.DLL-Import Debug|Win32.Build.0 = DLL-Import Debug|Win32
		{09cdac08-e6ae-48a9-8de7-0fbc779eebde}.DLL-Import Debug|x64.ActiveCfg = DLL-Import Debug|x64
		{09cdac08-e6ae-48a9-8de7-0fbc779eebde}.DLL-Import Debug|x64.Build.0 = DLL-Import Debug|x64
		{09cdac08-e6ae-48a9-8de7-0fbc779eebde}.DLL-Import Release|Win32.ActiveCfg = DLL-Import Release|Win32
		{09cdac08-e6ae-48a9-8de7-0fbc779eebde}.DLL-Import Release|Win32.Build.0 = DLL-Import Release|Win32
		{09cdac08-e6ae-48a9-8de7-0fbc779eebde}.DLL-Import Release|x64.ActiveCfg = DLL-Import Release|x64
		{09cdac08-e6ae-48a9-8de7-0fbc779eebde}.DLL-Import Release|x64.Build.0 = DLL-Import Release|x64
		{09cdac08-e6ae-48a9-8de7-0fbc779eebde}.Release|Win32.ActiveCfg = Release|Win32
		{09cdac08-e6ae-48a9-8de7-0fbc779eebde}.Release|Win32.Build.0 = Release|Win32
		{09cdac08-e6ae-48a9-8de7-0fbc779eebde}.Release|x64.ActiveCfg = Release|x64
		{09cdac08-e6ae-48a9-8de7-0fbc779eebde}.Release|x64.Build.0 = Release|x64
		{c39f4b46-6e89-4074-902e-ca57073044d2}.Debug|Win32.ActiveCfg = Debug|Win32
		{c39f4b46-6e89-4074-902e-ca57073044d2}.Debug|Win32.Build.0 = Debug|Win32
		{c39f4b46-6e89-4074-902e-ca57073044d2}.Debug|x64.ActiveCfg = Debug|x64
		{c39f4b46-6e89-4074-902e-ca57073044d2}.Debug|x64.Build.0 = Debug|x64
		{c39f4b46-6e89-4074-902e-ca57073044d2}.DLL-Import Debug|Win32.ActiveCfg = DLL-Import Debug|Win32
		{c39f4b46-6e89-4074-902e-ca57073044d2}.DLL-Import Debug|Win32.Build.0 = DLL-Import Debug|Win32
		{c39f4b46-6e89-4074-902e-ca57073044d2}.DLL-Import Debug|x64.ActiveCfg = DLL-Import Debug|x64
		{c39f4b46-6e89-4074-902e-ca57073044d2}.DLL-Import Debug|x64.Build.0 = DLL-Import Debug|x64
		{c39f4b46-6e89-4074-902e-ca57073044d2}.DLL-Import Release|Win32.ActiveCfg = DLL-Import Release|Win32
		{c39f4b46-6e89-4074-902e-ca57073044d2}.DLL-Import Release|Win32.Build.0 = DLL-Import Release|Win32
		{c39f4b46-6e89-4074-902e-ca57073044d2}.DLL-Import Release|x64.ActiveCfg = DLL-Import Release|x64
		{c39f4b46-6e89-4074-902e-ca57073044d2}.DLL-Import Release|x64.Build.0 = DLL-Import Release|x64
		{c39f4b46-6e89-4074-902e-ca57073044d2}.Release|Win32.ActiveCfg = Release|Win32
		{c39f4b46-6e89-4074-902e-ca57073044d2}.Release|Win32.Build.0 = Release|Win32
		{c39f4b46-6e89-4074-902e-ca57073044d2}.Release|x64.ActiveCfg = Release|x64
		{c39f4b46-6e89-4074-902e-ca57073044d2}.Release|x64.Build.0 = Release|x64
		{1974a53a-9863-41c9-886d-b2b8c2fc3c8b}.Debug|Win32.ActiveCfg = Debug|Win32
		{1974a53a-9863-41c9-886d-b2b8c2fc3c8b}.Debug|x64.ActiveCfg = Debug|x64
		{1974a53a-9863-41c9-886d-b2b8c2fc3c8b}.DLL-Import Debug|Win32.ActiveCfg = Debug|Win32
		{1974a53a-9863-41c9-886d-b2b8c2fc3c8b}.DLL-Import Debug|Win32.Build.0 = Debug|Win32
		{1974a53a-9863-41c9-886d-b2b8c2fc3c8b}.DLL-Import Debug|x64.ActiveCfg = Debug|x64
		{1974a53a-9863-41c9-886d-b2b8c2fc3c8b}.DLL-Import Debug|x64.Build.0 = Debug|x64
		{1974a53a-9863-41c9-886d-b2b8c2fc3c8b}.DLL-Import Release|Win32.ActiveCfg = Release|Win32
		{1974a53a-9863-41c9-886d-b2b8c2fc3c8b}.DLL-Import Release|Win32.Build.0 = Release|Win32
		{1974a53a-9863-41c9-886d-b2b8c2fc3c8b}.DLL-Import Release|x64.ActiveCfg = Release|x64
		{1974a53a-9863-41c9-886d-b2b8c2fc3c8b}.DLL-Import Release|x64.Build.0 = Release|x64
		{1974a53a-9863-41c9-886d-b2b8c2fc3c8b}.Release|Win32.ActiveCfg = Release|Win32
		{1974a53a-9863-41c9-886d-b2b8c2fc3c8b}.Release|x64.ActiveCfg = Release|x64
		{94a428a1-9ba8-4db2-b76e-bd2e3c08f257}.Debug|Win32.ActiveCfg = Debug|Win32
		{94a428a1-9ba8-4db2-b76e-bd2e3c08f257}.Debug|x64.ActiveCfg = Debug|x64
		{94a428a1-9ba8-4db2-b76e-bd2e3c08f257}.DLL-Import Debug|Win32.ActiveCfg = Debug|Win32
		{94a428a1-9ba8-4db2-b76e-bd2e3c08f257}.DLL-Import Debug|Win32.Build.0 = Debug|Win32
		{94a428a1-9ba8-4db2-b76e-bd2e3c08f257}.DLL-Import Debug|x64.ActiveCfg = Debug|x64
		{94a428a1-9ba8-4db2-b76e-bd2e3c08f257}.DLL-Import Debug|x64.Build.0 = Debug|x64
		{94a428a1-9ba8-4db2-b76e-bd2e3c08f257}.DLL-Import Release|Win32.ActiveCfg = Release|Win32
		{94a428a1-9ba8-4db2-b76e-bd2e3c08f257}.DLL-Import Release|Win32.Build.0 = Release|Win32
		{94a428a1-9ba8-4db2-b76e-bd2e3c08f257}.DLL-Import Release|x64.ActiveCfg = Release|x64
		{94a428a1-9ba8-4db2-b76e-bd2e3c08f257}.DLL-Import Release|x64.Build.0 = Release|x64
		{94a428a1-9ba8-4db2-b76e-bd2e3c08f257}.Release|Win32.ActiveCfg = Release|Win32
		{94a428a1-9ba8-4db2-b76e-bd2e3c08f257}.Release|x64.ActiveCfg = Release|x64
	EndGlobalSection
	GlobalSection(SolutionProperties) = preSolution
		HideSolutionNode = FALSE
	EndGlobalSection
EndGlobal
