<?xml version="1.0" encoding="utf-8"?>
<Project ToolsVersion="4.0" xmlns="http://schemas.microsoft.com/developer/msbuild/2003">
  <ItemGroup>
    <Filter Include="Source Files">
      <UniqueIdentifier>{82666edd-7baf-4a5a-922c-a06edc2198bd}</UniqueIdentifier>
      <Extensions>cpp;c;cxx;rc;def;r;odl;idl;hpj;bat</Extensions>
    </Filter>
    <Filter Include="Header Files">
      <UniqueIdentifier>{2029b271-c489-4b4c-9ce5-261b4cfe2d78}</UniqueIdentifier>
      <Extensions>.h</Extensions>
    </Filter>
  </ItemGroup>
  <ItemGroup>
    <ClCompile Include="algebra.cpp">
      <Filter>Source Files</Filter>
    </ClCompile>
    <ClCompile Include="algparam.cpp">
      <Filter>Source Files</Filter>
    </ClCompile>
    <ClCompile Include="asn.cpp">
      <Filter>Source Files</Filter>
    </ClCompile>
    <ClCompile Include="authenc.cpp">
      <Filter>Source Files</Filter>
    </ClCompile>
    <ClCompile Include="basecode.cpp">
      <Filter>Source Files</Filter>
    </ClCompile>
    <ClCompile Include="cbcmac.cpp">
      <Filter>Source Files</Filter>
    </ClCompile>
    <ClCompile Include="ccm.cpp">
      <Filter>Source Files</Filter>
    </ClCompile>
    <ClCompile Include="channels.cpp">
      <Filter>Source Files</Filter>
    </ClCompile>
    <ClCompile Include="cmac.cpp">
      <Filter>Source Files</Filter>
    </ClCompile>
    <ClCompile Include="cpu.cpp">
      <Filter>Source Files</Filter>
    </ClCompile>
    <ClCompile Include="cryptlib.cpp">
      <Filter>Source Files</Filter>
    </ClCompile>
    <ClCompile Include="des.cpp">
      <Filter>Source Files</Filter>
    </ClCompile>
    <ClCompile Include="dessp.cpp">
      <Filter>Source Files</Filter>
    </ClCompile>
    <ClCompile Include="dh.cpp">
      <Filter>Source Files</Filter>
    </ClCompile>
    <ClCompile Include="dll.cpp">
      <Filter>Source Files</Filter>
    </ClCompile>
    <ClCompile Include="dsa.cpp">
      <Filter>Source Files</Filter>
    </ClCompile>
    <ClCompile Include="ec2n.cpp">
      <Filter>Source Files</Filter>
    </ClCompile>
    <ClCompile Include="eccrypto.cpp">
      <Filter>Source Files</Filter>
    </ClCompile>
    <ClCompile Include="ecp.cpp">
      <Filter>Source Files</Filter>
    </ClCompile>
    <ClCompile Include="emsa2.cpp">
      <Filter>Source Files</Filter>
    </ClCompile>
    <ClCompile Include="eprecomp.cpp">
      <Filter>Source Files</Filter>
    </ClCompile>
    <ClCompile Include="files.cpp">
      <Filter>Source Files</Filter>
    </ClCompile>
    <ClCompile Include="filters.cpp">
      <Filter>Source Files</Filter>
    </ClCompile>
    <ClCompile Include="fips140.cpp">
      <Filter>Source Files</Filter>
    </ClCompile>
    <ClCompile Include="fipstest.cpp">
      <Filter>Source Files</Filter>
    </ClCompile>
    <ClCompile Include="gcm.cpp">
      <Filter>Source Files</Filter>
    </ClCompile>
    <ClCompile Include="gcm_simd.cpp">
      <Filter>Source Files</Filter>
    </ClCompile>
    <ClCompile Include="gf2n.cpp">
      <Filter>Source Files</Filter>
    </ClCompile>
    <ClCompile Include="gfpcrypt.cpp">
      <Filter>Source Files</Filter>
    </ClCompile>
    <ClCompile Include="hex.cpp">
      <Filter>Source Files</Filter>
    </ClCompile>
    <ClCompile Include="hmac.cpp">
      <Filter>Source Files</Filter>
    </ClCompile>
    <ClCompile Include="hrtimer.cpp">
      <Filter>Source Files</Filter>
    </ClCompile>
    <ClCompile Include="integer.cpp">
      <Filter>Source Files</Filter>
    </ClCompile>
    <ClCompile Include="iterhash.cpp">
      <Filter>Source Files</Filter>
    </ClCompile>
    <ClCompile Include="misc.cpp">
      <Filter>Source Files</Filter>
    </ClCompile>
    <ClCompile Include="modes.cpp">
      <Filter>Source Files</Filter>
    </ClCompile>
    <ClCompile Include="mqueue.cpp">
      <Filter>Source Files</Filter>
    </ClCompile>
    <ClCompile Include="nbtheory.cpp">
      <Filter>Source Files</Filter>
    </ClCompile>
    <ClCompile Include="oaep.cpp">
      <Filter>Source Files</Filter>
    </ClCompile>
    <ClCompile Include="osrng.cpp">
      <Filter>Source Files</Filter>
    </ClCompile>
    <ClCompile Include="pch.cpp">
      <Filter>Source Files</Filter>
    </ClCompile>
    <ClCompile Include="pkcspad.cpp">
      <Filter>Source Files</Filter>
    </ClCompile>
    <ClCompile Include="pssr.cpp">
      <Filter>Source Files</Filter>
    </ClCompile>
    <ClCompile Include="pubkey.cpp">
      <Filter>Source Files</Filter>
    </ClCompile>
    <ClCompile Include="queue.cpp">
      <Filter>Source Files</Filter>
    </ClCompile>
    <ClCompile Include="randpool.cpp">
      <Filter>Source Files</Filter>
    </ClCompile>
    <ClCompile Include="rdtables.cpp">
      <Filter>Source Files</Filter>
    </ClCompile>
    <ClCompile Include="rijndael.cpp">
      <Filter>Source Files</Filter>
    </ClCompile>
    <ClCompile Include="rijndael_simd.cpp">
      <Filter>Source Files</Filter>
    </ClCompile>
    <ClCompile Include="rng.cpp">
      <Filter>Source Files</Filter>
    </ClCompile>
    <ClCompile Include="rsa.cpp">
      <Filter>Source Files</Filter>
    </ClCompile>
    <ClCompile Include="rw.cpp">
      <Filter>Source Files</Filter>
    </ClCompile>
    <ClCompile Include="sha.cpp">
      <Filter>Source Files</Filter>
    </ClCompile>
    <ClCompile Include="sha_simd.cpp">
      <Filter>Source Files</Filter>
    </ClCompile>
    <ClCompile Include="simple.cpp">
      <Filter>Source Files</Filter>
    </ClCompile>
    <ClCompile Include="skipjack.cpp">
      <Filter>Source Files</Filter>
    </ClCompile>
    <ClCompile Include="sse_simd.cpp">
      <Filter>Source Files</Filter>
    </ClCompile>
    <ClCompile Include="strciphr.cpp">
      <Filter>Source Files</Filter>
    </ClCompile>
  </ItemGroup>
  <ItemGroup>
    <ClInclude Include="dll.h">
      <Filter>Header Files</Filter>
    </ClInclude>
    <ClInclude Include="files.h">
      <Filter>Header Files</Filter>
    </ClInclude>
    <ClInclude Include="words.h">
      <Filter>Header Files</Filter>
    </ClInclude>
    <ClInclude Include="include\cryptopp\aes.h">
      <Filter>Header Files</Filter>
    </ClInclude>
    <ClInclude Include="include\cryptopp\algebra.h">
      <Filter>Header Files</Filter>
    </ClInclude>
    <ClInclude Include="include\cryptopp\algparam.h">
      <Filter>Header Files</Filter>
    </ClInclude>
    <ClInclude Include="include\cryptopp\argnames.h">
      <Filter>Header Files</Filter>
    </ClInclude>
    <ClInclude Include="include\cryptopp\aria.h">
      <Filter>Header Files</Filter>
    </ClInclude>
    <ClInclude Include="include\cryptopp\asn.h">
      <Filter>Header Files</Filter>
    </ClInclude>
    <ClInclude Include="include\cryptopp\authenc.h">
      <Filter>Header Files</Filter>
    </ClInclude>
    <ClInclude Include="include\cryptopp\basecode.h">
      <Filter>Header Files</Filter>
    </ClInclude>
    <ClInclude Include="include\cryptopp\cbcmac.h">
      <Filter>Header Files</Filter>
    </ClInclude>
    <ClInclude Include="include\cryptopp\ccm.h">
      <Filter>Header Files</Filter>
    </ClInclude>
    <ClInclude Include="include\cryptopp\channels.h">
      <Filter>Header Files</Filter>
    </ClInclude>
    <ClInclude Include="include\cryptopp\cmac.h">
      <Filter>Header Files</Filter>
    </ClInclude>
    <ClInclude Include="include\cryptopp\cryptlib.h">
      <Filter>Header Files</Filter>
    </ClInclude>
    <ClInclude Include="include\cryptopp\des.h">
      <Filter>Header Files</Filter>
    </ClInclude>
    <ClInclude Include="include\cryptopp\dh.h">
      <Filter>Header Files</Filter>
    </ClInclude>
    <ClInclude Include="include\cryptopp\dsa.h">
      <Filter>Header Files</Filter>
    </ClInclude>
    <ClInclude Include="include\cryptopp\ec2n.h">
      <Filter>Header Files</Filter>
    </ClInclude>
    <ClInclude Include="include\cryptopp\eccrypto.h">
      <Filter>Header Files</Filter>
    </ClInclude>
    <ClInclude Include="include\cryptopp\ecp.h">
      <Filter>Header Files</Filter>
    </ClInclude>
    <ClInclude Include="include\cryptopp\ecpoint.h">
      <Filter>Header Files</Filter>
    </ClInclude>
    <ClInclude Include="include\cryptopp\emsa2.h">
      <Filter>Header Files</Filter>
    </ClInclude>
    <ClInclude Include="include\cryptopp\eprecomp.h">
      <Filter>Header Files</Filter>
    </ClInclude>
    <ClInclude Include="include\cryptopp\filters.h">
      <Filter>Header Files</Filter>
    </ClInclude>
    <ClInclude Include="include\cryptopp\fips140.h">
      <Filter>Header Files</Filter>
    </ClInclude>
    <ClInclude Include="include\cryptopp\gcm.h">
      <Filter>Header Files</Filter>
    </ClInclude>
    <ClInclude Include="include\cryptopp\gf2n.h">
      <Filter>Header Files</Filter>
    </ClInclude>
    <ClInclude Include="include\cryptopp\gfpcrypt.h">
      <Filter>Header Files</Filter>
    </ClInclude>
    <ClInclude Include="include\cryptopp\hex.h">
      <Filter>Header Files</Filter>
    </ClInclude>
    <ClInclude Include="include\cryptopp\hmac.h">
      <Filter>Header Files</Filter>
    </ClInclude>
    <ClInclude Include="include\cryptopp\integer.h">
      <Filter>Header Files</Filter>
    </ClInclude>
    <ClInclude Include="include\cryptopp\iterhash.h">
      <Filter>Header Files</Filter>
    </ClInclude>
    <ClInclude Include="include\cryptopp\mdc.h">
      <Filter>Header Files</Filter>
    </ClInclude>
    <ClInclude Include="include\cryptopp\modarith.h">
      <Filter>Header Files</Filter>
    </ClInclude>
    <ClInclude Include="include\cryptopp\modes.h">
      <Filter>Header Files</Filter>
    </ClInclude>
    <ClInclude Include="include\cryptopp\modexppc.h">
      <Filter>Header Files</Filter>
    </ClInclude>
    <ClInclude Include="include\cryptopp\mqueue.h">
      <Filter>Header Files</Filter>
    </ClInclude>
    <ClInclude Include="include\cryptopp\mqv.h">
      <Filter>Header Files</Filter>
    </ClInclude>
    <ClInclude Include="include\cryptopp\nbtheory.h">
      <Filter>Header Files</Filter>
    </ClInclude>
    <ClInclude Include="include\cryptopp\oaep.h">
      <Filter>Header Files</Filter>
    </ClInclude>
    <ClInclude Include="include\cryptopp\oids.h">
      <Filter>Header Files</Filter>
    </ClInclude>
    <ClInclude Include="include\cryptopp\osrng.h">
      <Filter>Header Files</Filter>
    </ClInclude>
    <ClInclude Include="include\cryptopp\pkcspad.h">
      <Filter>Header Files</Filter>
    </ClInclude>
    <ClInclude Include="include\cryptopp\pssr.h">
      <Filter>Header Files</Filter>
    </ClInclude>
    <ClInclude Include="include\cryptopp\pubkey.h">
      <Filter>Header Files</Filter>
    </ClInclude>
    <ClInclude Include="include\cryptopp\randpool.h">
      <Filter>Header Files</Filter>
    </ClInclude>
    <ClInclude Include="include\cryptopp\rijndael.h">
      <Filter>Header Files</Filter>
    </ClInclude>
    <ClInclude Include="include\cryptopp\rng.h">
      <Filter>Header Files</Filter>
    </ClInclude>
    <ClInclude Include="include\cryptopp\rsa.h">
      <Filter>Header Files</Filter>
    </ClInclude>
    <ClInclude Include="include\cryptopp\rw.h">
      <Filter>Header Files</Filter>
    </ClInclude>
    <ClInclude Include="include\cryptopp\secblock.h">
      <Filter>Header Files</Filter>
    </ClInclude>
    <ClInclude Include="include\cryptopp\seckey.h">
      <Filter>Header Files</Filter>
    </ClInclude>
    <ClInclude Include="include\cryptopp\sha.h">
      <Filter>Header Files</Filter>
    </ClInclude>
    <ClInclude Include="include\cryptopp\simple.h">
      <Filter>Header Files</Filter>
    </ClInclude>
    <ClInclude Include="include\cryptopp\skipjack.h">
      <Filter>Header Files</Filter>
    </ClInclude>
    <ClInclude Include="include\cryptopp\strciphr.h">
      <Filter>Header Files</Filter>
    </ClInclude>
    <ClInclude Include="include\cryptopp\config.h">
      <Filter>Header Files</Filter>
    </ClInclude>
    <ClInclude Include="include\cryptopp\fltrimpl.h">
      <Filter>Header Files</Filter>
    </ClInclude>
    <ClInclude Include="include\cryptopp\misc.h">
      <Filter>Header Files</Filter>
    </ClInclude>
    <ClInclude Include="include\cryptopp\queue.h">
      <Filter>Header Files</Filter>
    </ClInclude>
    <ClInclude Include="include\cryptopp\stdcpp.h">
      <Filter>Header Files</Filter>
    </ClInclude>
    <ClInclude Include="include\cryptopp\trap.h">
      <Filter>Header Files</Filter>
    </ClInclude>
    <ClInclude Include="pch.h">
      <Filter>Header Files</Filter>
    </ClInclude>
    <ClInclude Include="cpu.h">
      <Filter>Header Files</Filter>
    </ClInclude>
    <ClInclude Include="include\cryptopp\smartptr.h" />
  </ItemGroup>
  <ItemGroup>
    <ResourceCompile Include="cryptopp.rc">
      <Filter>Source Files</Filter>
    </ResourceCompile>
  </ItemGroup>
  <ItemGroup>
    <CustomBuild Include="x64dll.asm">
      <Filter>Source Files</Filter>
    </CustomBuild>
  </ItemGroup>
</Project>